
Microsoft Visual Studio Solution File, Format Version 12.00
# Visual Studio Version 17
VisualStudioVersion = 17.13.35931.197
MinimumVisualStudioVersion = 10.0.40219.1
Project("{FAE04EC0-301F-11D3-BF4B-00C04F79EFBC}") = "SocialMediaAppMaui", "SocialMediaAppMaui.csproj", "{B836ED56-982A-45FB-B7E3-D464361AE607}"
EndProject
Global
	GlobalSection(SolutionConfigurationPlatforms) = preSolution
		Debug|Any CPU = Debug|Any CPU
		Release|Any CPU = Release|Any CPU
	EndGlobalSection
	GlobalSection(ProjectConfigurationPlatforms) = postSolution
		{B836ED56-982A-45FB-B7E3-D464361AE607}.Debug|Any CPU.ActiveCfg = Debug|Any CPU
		{B836ED56-982A-45FB-B7E3-D464361AE607}.Debug|Any CPU.Build.0 = Debug|Any CPU
		{B836ED56-982A-45FB-B7E3-D464361AE607}.Debug|Any CPU.Deploy.0 = Debug|Any CPU
		{B836ED56-982A-45FB-B7E3-D464361AE607}.Release|Any CPU.ActiveCfg = Release|Any CPU
		{B836ED56-982A-45FB-B7E3-D464361AE607}.Release|Any CPU.Build.0 = Release|Any CPU
	EndGlobalSection
	GlobalSection(SolutionProperties) = preSolution
		HideSolutionNode = FALSE
	EndGlobalSection
	GlobalSection(ExtensibilityGlobals) = postSolution
		SolutionGuid = {A025C2F8-6955-4F38-97D5-C41A71525155}
	EndGlobalSection
EndGlobal
